// !$*UTF8*$!
{
	archiveVersion = 1;
	classes = {
	};
	objectVersion = 46;
	objects = {

/* Begin PBXBuildFile section */
		AC69A0BC1DB1714A0022248A /* AppDelegate.swift in Sources */ = {isa = PBXBuildFile; fileRef = AC69A0BB1DB1714A0022248A /* AppDelegate.swift */; };
		AC69A0BE1DB1714A0022248A /* ViewController.swift in Sources */ = {isa = PBXBuildFile; fileRef = AC69A0BD1DB1714A0022248A /* ViewController.swift */; };
		AC69A0C11DB1714A0022248A /* Main.storyboard in Resources */ = {isa = PBXBuildFile; fileRef = AC69A0BF1DB1714A0022248A /* Main.storyboard */; };
		AC69A0C31DB1714A0022248A /* Assets.xcassets in Resources */ = {isa = PBXBuildFile; fileRef = AC69A0C21DB1714A0022248A /* Assets.xcassets */; };
		AC69A0C61DB1714A0022248A /* LaunchScreen.storyboard in Resources */ = {isa = PBXBuildFile; fileRef = AC69A0C41DB1714A0022248A /* LaunchScreen.storyboard */; };
		AC69A0CE1DB199A80022248A /* w.png in Resources */ = {isa = PBXBuildFile; fileRef = AC69A0CD1DB199A70022248A /* w.png */; };
		AC69A0D21DB19A950022248A /* 8.png in Resources */ = {isa = PBXBuildFile; fileRef = AC69A0D11DB19A950022248A /* 8.png */; };
/* End PBXBuildFile section */

/* Begin PBXFileReference section */
		AC69A0B81DB1714A0022248A /* BlipDiag.app */ = {isa = PBXFileReference; explicitFileType = wrapper.application; includeInIndex = 0; path = BlipDiag.app; sourceTree = BUILT_PRODUCTS_DIR; };
		AC69A0BB1DB1714A0022248A /* AppDelegate.swift */ = {isa = PBXFileReference; lastKnownFileType = sourcecode.swift; path = AppDelegate.swift; sourceTree = "<group>"; };
		AC69A0BD1DB1714A0022248A /* ViewController.swift */ = {isa = PBXFileReference; lastKnownFileType = sourcecode.swift; path = ViewController.swift; sourceTree = "<group>"; };
		AC69A0C01DB1714A0022248A /* Base */ = {isa = PBXFileReference; lastKnownFileType = file.storyboard; name = Base; path = Base.lproj/Main.storyboard; sourceTree = "<group>"; };
		AC69A0C21DB1714A0022248A /* Assets.xcassets */ = {isa = PBXFileReference; lastKnownFileType = folder.assetcatalog; path = Assets.xcassets; sourceTree = "<group>"; };
		AC69A0C51DB1714A0022248A /* Base */ = {isa = PBXFileReference; lastKnownFileType = file.storyboard; name = Base; path = Base.lproj/LaunchScreen.storyboard; sourceTree = "<group>"; };
		AC69A0C71DB1714A0022248A /* Info.plist */ = {isa = PBXFileReference; lastKnownFileType = text.plist.xml; path = Info.plist; sourceTree = "<group>"; };
		AC69A0CD1DB199A70022248A /* w.png */ = {isa = PBXFileReference; lastKnownFileType = image.png; name = w.png; path = ../../../w.png; sourceTree = "<group>"; };
		AC69A0D11DB19A950022248A /* 8.png */ = {isa = PBXFileReference; lastKnownFileType = image.png; name = 8.png; path = ../../../8.png; sourceTree = "<group>"; };
/* End PBXFileReference section */

/* Begin PBXFrameworksBuildPhase section */
		AC69A0B51DB1714A0022248A /* Frameworks */ = {
			isa = PBXFrameworksBuildPhase;
			buildActionMask = 2147483647;
			files = (
			);
			runOnlyForDeploymentPostprocessing = 0;
		};
/* End PBXFrameworksBuildPhase section */

/* Begin PBXGroup section */
		AC69A0AF1DB1714A0022248A = {
			isa = PBXGroup;
			children = (
				AC69A0BA1DB1714A0022248A /* BlipDiag */,
				AC69A0B91DB1714A0022248A /* Products */,
			);
			sourceTree = "<group>";
		};
		AC69A0B91DB1714A0022248A /* Products */ = {
			isa = PBXGroup;
			children = (
				AC69A0B81DB1714A0022248A /* BlipDiag.app */,
			);
			name = Products;
			sourceTree = "<group>";
		};
		AC69A0BA1DB1714A0022248A /* BlipDiag */ = {
			isa = PBXGroup;
			children = (
				AC69A0BB1DB1714A0022248A /* AppDelegate.swift */,
				AC69A0BD1DB1714A0022248A /* ViewController.swift */,
				AC69A0BF1DB1714A0022248A /* Main.storyboard */,
				AC69A0C21DB1714A0022248A /* Assets.xcassets */,
				AC69A0C41DB1714A0022248A /* LaunchScreen.storyboard */,
				AC69A0D11DB19A950022248A /* 8.png */,
				AC69A0C71DB1714A0022248A /* Info.plist */,
				AC69A0CD1DB199A70022248A /* w.png */,
			);
			path = BlipDiag;
			sourceTree = "<group>";
		};
/* End PBXGroup section */

/* Begin PBXNativeTarget section */
		AC69A0B71DB1714A0022248A /* BlipDiag */ = {
			isa = PBXNativeTarget;
			buildConfigurationList = AC69A0CA1DB1714A0022248A /* Build configuration list for PBXNativeTarget "BlipDiag" */;
			buildPhases = (
				AC69A0B41DB1714A0022248A /* Sources */,
				AC69A0B51DB1714A0022248A /* Frameworks */,
				AC69A0B61DB1714A0022248A /* Resources */,
			);
			buildRules = (
			);
			dependencies = (
			);
			name = BlipDiag;
			productName = BlipDiag;
			productReference = AC69A0B81DB1714A0022248A /* BlipDiag.app */;
			productType = "com.apple.product-type.application";
		};
/* End PBXNativeTarget section */

/* Begin PBXProject section */
		AC69A0B01DB1714A0022248A /* Project object */ = {
			isa = PBXProject;
			attributes = {
				LastSwiftUpdateCheck = 0800;
				LastUpgradeCheck = 0800;
				ORGANIZATIONNAME = "Andrew VuAApolloTest";
				TargetAttributes = {
					AC69A0B71DB1714A0022248A = {
						CreatedOnToolsVersion = 8.0;
						DevelopmentTeam = 2DY7S2W46N;
						ProvisioningStyle = Automatic;
					};
				};
			};
			buildConfigurationList = AC69A0B31DB1714A0022248A /* Build configuration list for PBXProject "BlipDiag" */;
			compatibilityVersion = "Xcode 3.2";
			developmentRegion = English;
			hasScannedForEncodings = 0;
			knownRegions = (
				en,
				Base,
			);
			mainGroup = AC69A0AF1DB1714A0022248A;
			productRefGroup = AC69A0B91DB1714A0022248A /* Products */;
			projectDirPath = "";
			projectRoot = "";
			targets = (
				AC69A0B71DB1714A0022248A /* BlipDiag */,
			);
		};
/* End PBXProject section */

/* Begin PBXResourcesBuildPhase section */
		AC69A0B61DB1714A0022248A /* Resources */ = {
			isa = PBXResourcesBuildPhase;
			buildActionMask = 2147483647;
			files = (
				AC69A0D21DB19A950022248A /* 8.png in Resources */,
				AC69A0C61DB1714A0022248A /* LaunchScreen.storyboard in Resources */,
				AC69A0C31DB1714A0022248A /* Assets.xcassets in Resources */,
				AC69A0C11DB1714A0022248A /* Main.storyboard in Resources */,
				AC69A0CE1DB199A80022248A /* w.png in Resources */,
			);
			runOnlyForDeploymentPostprocessing = 0;
		};
/* End PBXResourcesBuildPhase section */

/* Begin PBXSourcesBuildPhase section */
		AC69A0B41DB1714A0022248A /* Sources */ = {
			isa = PBXSourcesBuildPhase;
			buildActionMask = 2147483647;
			files = (
				AC69A0BE1DB1714A0022248A /* ViewController.swift in Sources */,
				AC69A0BC1DB1714A0022248A /* AppDelegate.swift in Sources */,
			);
			runOnlyForDeploymentPostprocessing = 0;
		};
/* End PBXSourcesBuildPhase section */

/* Begin PBXVariantGroup section */
		AC69A0BF1DB1714A0022248A /* Main.storyboard */ = {
			isa = PBXVariantGroup;
			children = (
				AC69A0C01DB1714A0022248A /* Base */,
			);
			name = Main.storyboard;
			sourceTree = "<group>";
		};
		AC69A0C41DB1714A0022248A /* LaunchScreen.storyboard */ = {
			isa = PBXVariantGroup;
			children = (
				AC69A0C51DB1714A0022248A /* Base */,
			);
			name = LaunchScreen.storyboard;
			sourceTree = "<group>";
		};
/* End PBXVariantGroup section */

/* Begin XCBuildConfiguration section */
		AC69A0C81DB1714A0022248A /* Debug */ = {
			isa = XCBuildConfiguration;
			buildSettings = {
				ALWAYS_SEARCH_USER_PATHS = NO;
				CLANG_ANALYZER_NONNULL = YES;
				CLANG_CXX_LANGUAGE_STANDARD = "gnu++0x";
				CLANG_CXX_LIBRARY = "libc++";
				CLANG_ENABLE_MODULES = YES;
				CLANG_ENABLE_OBJC_ARC = YES;
				CLANG_WARN_BOOL_CONVERSION = YES;
				CLANG_WARN_CONSTANT_CONVERSION = YES;
				CLANG_WARN_DIRECT_OBJC_ISA_USAGE = YES_ERROR;
				CLANG_WARN_DOCUMENTATION_COMMENTS = YES;
				CLANG_WARN_EMPTY_BODY = YES;
				CLANG_WARN_ENUM_CONVERSION = YES;
				CLANG_WARN_INFINITE_RECURSION = YES;
				CLANG_WARN_INT_CONVERSION = YES;
				CLANG_WARN_OBJC_ROOT_CLASS = YES_ERROR;
				CLANG_WARN_SUSPICIOUS_MOVES = YES;
				CLANG_WARN_UNREACHABLE_CODE = YES;
				CLANG_WARN__DUPLICATE_METHOD_MATCH = YES;
				"CODE_SIGN_IDENTITY[sdk=iphoneos*]" = "iPhone Developer";
				COPY_PHASE_STRIP = NO;
				DEBUG_INFORMATION_FORMAT = dwarf;
				ENABLE_STRICT_OBJC_MSGSEND = YES;
				ENABLE_TESTABILITY = YES;
				GCC_C_LANGUAGE_STANDARD = gnu99;
				GCC_DYNAMIC_NO_PIC = NO;
				GCC_NO_COMMON_BLOCKS = YES;
				GCC_OPTIMIZATION_LEVEL = 0;
				GCC_PREPROCESSOR_DEFINITIONS = (
					"DEBUG=1",
					"$(inherited)",
				);
				GCC_WARN_64_TO_32_BIT_CONVERSION = YES;
				GCC_WARN_ABOUT_RETURN_TYPE = YES_ERROR;
				GCC_WARN_UNDECLARED_SELECTOR = YES;
				GCC_WARN_UNINITIALIZED_AUTOS = YES_AGGRESSIVE;
				GCC_WARN_UNUSED_FUNCTION = YES;
				GCC_WARN_UNUSED_VARIABLE = YES;
				IPHONEOS_DEPLOYMENT_TARGET = 10.0;
				MTL_ENABLE_DEBUG_INFO = YES;
				ONLY_ACTIVE_ARCH = YES;
				SDKROOT = iphoneos;
				SWIFT_ACTIVE_COMPILATION_CONDITIONS = DEBUG;
				SWIFT_OPTIMIZATION_LEVEL = "-Onone";
			};
			name = Debug;
		};
		AC69A0C91DB1714A0022248A /* Release */ = {
			isa = XCBuildConfiguration;
			buildSettings = {
				ALWAYS_SEARCH_USER_PATHS = NO;
				CLANG_ANALYZER_NONNULL = YES;
				CLANG_CXX_LANGUAGE_STANDARD = "gnu++0x";
				CLANG_CXX_LIBRARY = "libc++";
				CLANG_ENABLE_MODULES = YES;
				CLANG_ENABLE_OBJC_ARC = YES;
				CLANG_WARN_BOOL_CONVERSION = YES;
				CLANG_WARN_CONSTANT_CONVERSION = YES;
				CLANG_WARN_DIRECT_OBJC_ISA_USAGE = YES_ERROR;
				CLANG_WARN_DOCUMENTATION_COMMENTS = YES;
				CLANG_WARN_EMPTY_BODY = YES;
				CLANG_WARN_ENUM_CONVERSION = YES;
				CLANG_WARN_INFINITE_RECURSION = YES;
				CLANG_WARN_INT_CONVERSION = YES;
				CLANG_WARN_OBJC_ROOT_CLASS = YES_ERROR;
				CLANG_WARN_SUSPICIOUS_MOVES = YES;
				CLANG_WARN_UNREACHABLE_CODE = YES;
				CLANG_WARN__DUPLICATE_METHOD_MATCH = YES;
				"CODE_SIGN_IDENTITY[sdk=iphoneos*]" = "iPhone Developer";
				COPY_PHASE_STRIP = NO;
				DEBUG_INFORMATION_FORMAT = "dwarf-with-dsym";
				ENABLE_NS_ASSERTIONS = NO;
				ENABLE_STRICT_OBJC_MSGSEND = YES;
				GCC_C_LANGUAGE_STANDARD = gnu99;
				GCC_NO_COMMON_BLOCKS = YES;
				GCC_WARN_64_TO_32_BIT_CONVERSION = YES;
				GCC_WARN_ABOUT_RETURN_TYPE = YES_ERROR;
				GCC_WARN_UNDECLARED_SELECTOR = YES;
				GCC_WARN_UNINITIALIZED_AUTOS = YES_AGGRESSIVE;
				GCC_WARN_UNUSED_FUNCTION = YES;
				GCC_WARN_UNUSED_VARIABLE = YES;
				IPHONEOS_DEPLOYMENT_TARGET = 10.0;
				MTL_ENABLE_DEBUG_INFO = NO;
				SDKROOT = iphoneos;
				SWIFT_OPTIMIZATION_LEVEL = "-Owholemodule";
				VALIDATE_PRODUCT = YES;
			};
			name = Release;
		};
		AC69A0CB1DB1714A0022248A /* Debug */ = {
			isa = XCBuildConfiguration;
			buildSettings = {
				ASSETCATALOG_COMPILER_APPICON_NAME = AppIcon;
				DEVELOPMENT_TEAM = 2DY7S2W46N;
				INFOPLIST_FILE = BlipDiag/Info.plist;
				LD_RUNPATH_SEARCH_PATHS = "$(inherited) @executable_path/Frameworks";
				PRODUCT_BUNDLE_IDENTIFIER = IMRTT.BlipDiag;
				PRODUCT_NAME = "$(TARGET_NAME)";
				SWIFT_VERSION = 3.0;
			};
			name = Debug;
		};
		AC69A0CC1DB1714A0022248A /* Release */ = {
			isa = XCBuildConfiguration;
			buildSettings = {
				ASSETCATALOG_COMPILER_APPICON_NAME = AppIcon;
				DEVELOPMENT_TEAM = 2DY7S2W46N;
				INFOPLIST_FILE = BlipDiag/Info.plist;
				LD_RUNPATH_SEARCH_PATHS = "$(inherited) @executable_path/Frameworks";
				PRODUCT_BUNDLE_IDENTIFIER = IMRTT.BlipDiag;
				PRODUCT_NAME = "$(TARGET_NAME)";
				SWIFT_VERSION = 3.0;
			};
			name = Release;
		};
/* End XCBuildConfiguration section */

/* Begin XCConfigurationList section */
		AC69A0B31DB1714A0022248A /* Build configuration list for PBXProject "BlipDiag" */ = {
			isa = XCConfigurationList;
			buildConfigurations = (
				AC69A0C81DB1714A0022248A /* Debug */,
				AC69A0C91DB1714A0022248A /* Release */,
			);
			defaultConfigurationIsVisible = 0;
			defaultConfigurationName = Release;
		};
		AC69A0CA1DB1714A0022248A /* Build configuration list for PBXNativeTarget "BlipDiag" */ = {
			isa = XCConfigurationList;
			buildConfigurations = (
				AC69A0CB1DB1714A0022248A /* Debug */,
				AC69A0CC1DB1714A0022248A /* Release */,
			);
			defaultConfigurationIsVisible = 0;
		};
/* End XCConfigurationList section */
	};
	rootObject = AC69A0B01DB1714A0022248A /* Project object */;
}
